dependencies:
- name: api
  repository: file://../api
  version: 0.11.12
- name: vue-web
  repository: file://../vue-web
  version: 1.0.0
- name: caddy
  repository: file://../caddy
  version: 0.1.0
- name: jtapi-sidecar
  repository: file://../jtapi-sidecar
  version: 1.0.0
- name: jtapi-operator
  repository: file://../jtapi-operator
  version: 0.1.0
- name: ct-media
  repository: file://../ct-media
  version: 1.0.0
- name: syslog
  repository: file://../syslog
  version: 0.3.1
- name: traceroute
  repository: file://../traceroute
  version: 0.1.0
digest: sha256:dd05f37601f11936e85b342dd8f1ed0ab84aa2acd2bc89c2562c555bba7143a6
generated: "2026-06-02T11:14:30.359688-05:00"
