dependencies:
- name: api
  repository: file://../api
  version: 0.11.12
- name: vue-web
  repository: file://../vue-web
  version: 1.0.0
- name: caddy
  repository: file://../caddy
  version: 0.1.0
- name: jtapi-sidecar
  repository: file://../jtapi-sidecar
  version: 1.0.0
- name: jtapi-operator
  repository: file://../jtapi-operator
  version: 0.1.0
- name: ct-media
  repository: file://../ct-media
  version: 1.0.0
- name: syslog
  repository: file://../syslog
  version: 0.3.0
- name: traceroute
  repository: file://../traceroute
  version: 0.1.0
digest: sha256:dd98c909af5dcc634fcc65f40ecee69ad3e9c76266cd911fa280fc00f62f020b
generated: "2026-05-21T13:11:09.784171-04:00"
