dependencies:
- name: api
  repository: file://../api
  version: 0.11.13
- name: vue-web
  repository: file://../vue-web
  version: 1.0.0
- name: caddy
  repository: file://../caddy
  version: 0.1.0
- name: jtapi-sidecar
  repository: file://../jtapi-sidecar
  version: 1.0.0
- name: jtapi-operator
  repository: file://../jtapi-operator
  version: 0.1.0
- name: ct-media
  repository: file://../ct-media
  version: 1.0.0
- name: syslog
  repository: file://../syslog
  version: 0.3.1
- name: traceroute
  repository: file://../traceroute
  version: 0.1.0
digest: sha256:960e4f4f3cb9d3147e10b38fe2b8ffd3cdab802b0b873b16d88ecbbc10052e93
generated: "2026-08-06T11:58:53.485918-05:00"
